{
  "name": "nestfinder",
  "version": "1.0.0",
  "lockfileVersion": 1,
  "requires": true,
  "dependencies": {
    "@rails/actioncable": {
      "version": "7.2.100",
      "resolved": "https://registry.npmjs.org/@rails/actioncable/-/actioncable-7.2.100.tgz",
      "integrity": "sha512-7xtIENf0Yw59AFDM3+xqxPCZxev3QVAqjPmUzmgsB9eL8S/zTpB0IU9srNc7XknzJI4e09XKNnCaJRx3gfYzXA=="
    },
    "@rails/activestorage": {
      "version": "7.2.100",
      "resolved": "https://registry.npmjs.org/@rails/activestorage/-/activestorage-7.2.100.tgz",
      "integrity": "sha512-gohCilm1E10W51Hc9iT960xX9TP11L5TJ4W1ufs9f3h5Ncsw01S/eHgVUfcdfszqw3G+28Z0MFu999+iSpgdTg==",
      "requires": {
        "spark-md5": "^3.0.1"
      }
    },
    "@rails/ujs": {
      "version": "7.1.3-4",
      "resolved": "https://registry.npmjs.org/@rails/ujs/-/ujs-7.1.3-4.tgz",
      "integrity": "sha512-z0ckI5jrAJfImcObjMT1RBz2IxH6I5q6ZTMFex6AfxSQKZuuL8JxAXvg2CvBuodGCxKvybFVolDyMHXlBLeYAA=="
    },
    "channels": {
      "version": "0.0.4",
      "resolved": "https://registry.npmjs.org/channels/-/channels-0.0.4.tgz",
      "integrity": "sha512-4zRxUJ/sN+GmA0NeB1wIBA8xzU6C30FsGkSIWob7OLIQVwMKE/ct9n3RLfq8XiLUpafK5gWg7+HuUVzXMXYqVw=="
    },
    "spark-md5": {
      "version": "3.0.2",
      "resolved": "https://registry.npmjs.org/spark-md5/-/spark-md5-3.0.2.tgz",
      "integrity": "sha512-wcFzz9cDfbuqe0FZzfi2or1sgyIrsDwmPwfZC4hiNidPdPINjeUwNfv5kldczoEAcjl9Y1L3SM7Uz2PUEQzxQw=="
    },
    "turbolinks": {
      "version": "5.2.0",
      "resolved": "https://registry.npmjs.org/turbolinks/-/turbolinks-5.2.0.tgz",
      "integrity": "sha512-pMiez3tyBo6uRHFNNZoYMmrES/IaGgMhQQM+VFF36keryjb5ms0XkVpmKHkfW/4Vy96qiGW3K9bz0tF5sK9bBw=="
    }
  }
}
